
Microsoft Visual Studio Solution File, Format Version 12.00
# Visual Studio 15
VisualStudioVersion = 15.0.28010.2003
MinimumVisualStudioVersion = 10.0.40219.1
Project("{9A19103F-16F7-4668-BE54-9A1E7A4F7556}") = "Lab1", "Lab1\Lab1.csproj", "{3C861DC1-EB56-48BD-BE8A-9C90DF1D63F4}"
EndProject
Project("{9A19103F-16F7-4668-BE54-9A1E7A4F7556}") = "Lab6", "Lab6\Lab6.csproj", "{FC8BCBF9-44C9-4B96-BA28-D63ADFF02C2C}"
EndProject
Project("{FAE04EC0-301F-11D3-BF4B-00C04F79EFBC}") = "Lab7", "Lab7\Lab7.csproj", "{5B2AAC4A-19BE-4FFC-B853-171E693F0665}"
EndProject
Global
	GlobalSection(SolutionConfigurationPlatforms) = preSolution
		Debug|Any CPU = Debug|Any CPU
		Release|Any CPU = Release|Any CPU
	EndGlobalSection
	GlobalSection(ProjectConfigurationPlatforms) = postSolution
		{3C861DC1-EB56-48BD-BE8A-9C90DF1D63F4}.Debug|Any CPU.ActiveCfg = Debug|Any CPU
		{3C861DC1-EB56-48BD-BE8A-9C90DF1D63F4}.Debug|Any CPU.Build.0 = Debug|Any CPU
		{3C861DC1-EB56-48BD-BE8A-9C90DF1D63F4}.Release|Any CPU.ActiveCfg = Release|Any CPU
		{3C861DC1-EB56-48BD-BE8A-9C90DF1D63F4}.Release|Any CPU.Build.0 = Release|Any CPU
		{FC8BCBF9-44C9-4B96-BA28-D63ADFF02C2C}.Debug|Any CPU.ActiveCfg = Debug|Any CPU
		{FC8BCBF9-44C9-4B96-BA28-D63ADFF02C2C}.Debug|Any CPU.Build.0 = Debug|Any CPU
		{FC8BCBF9-44C9-4B96-BA28-D63ADFF02C2C}.Release|Any CPU.ActiveCfg = Release|Any CPU
		{FC8BCBF9-44C9-4B96-BA28-D63ADFF02C2C}.Release|Any CPU.Build.0 = Release|Any CPU
		{5B2AAC4A-19BE-4FFC-B853-171E693F0665}.Debug|Any CPU.ActiveCfg = Debug|Any CPU
		{5B2AAC4A-19BE-4FFC-B853-171E693F0665}.Debug|Any CPU.Build.0 = Debug|Any CPU
		{5B2AAC4A-19BE-4FFC-B853-171E693F0665}.Release|Any CPU.ActiveCfg = Release|Any CPU
		{5B2AAC4A-19BE-4FFC-B853-171E693F0665}.Release|Any CPU.Build.0 = Release|Any CPU
	EndGlobalSection
	GlobalSection(SolutionProperties) = preSolution
		HideSolutionNode = FALSE
	EndGlobalSection
	GlobalSection(ExtensibilityGlobals) = postSolution
		SolutionGuid = {60262D81-E946-4BEE-8BAF-E52284B83901}
	EndGlobalSection
EndGlobal
